
Microsoft Visual Studio Solution File, Format Version 12.00
# Visual Studio 15
VisualStudioVersion = 15.0.27428.2015
MinimumVisualStudioVersion = 10.0.40219.1
Project("{FAE04EC0-301F-11D3-BF4B-00C04F79EFBC}") = "HuntTheThimble", "HuntTheThimble\HuntTheThimble.csproj", "{34FE3F58-0D03-4F5B-8F3F-B50D18258970}"
EndProject
Global
	GlobalSection(SolutionConfigurationPlatforms) = preSolution
		Debug|Any CPU = Debug|Any CPU
		Release|Any CPU = Release|Any CPU
	EndGlobalSection
	GlobalSection(ProjectConfigurationPlatforms) = postSolution
		{34FE3F58-0D03-4F5B-8F3F-B50D18258970}.Debug|Any CPU.ActiveCfg = Debug|Any CPU
		{34FE3F58-0D03-4F5B-8F3F-B50D18258970}.Debug|Any CPU.Build.0 = Debug|Any CPU
		{34FE3F58-0D03-4F5B-8F3F-B50D18258970}.Release|Any CPU.ActiveCfg = Release|Any CPU
		{34FE3F58-0D03-4F5B-8F3F-B50D18258970}.Release|Any CPU.Build.0 = Release|Any CPU
	EndGlobalSection
	GlobalSection(SolutionProperties) = preSolution
		HideSolutionNode = FALSE
	EndGlobalSection
	GlobalSection(ExtensibilityGlobals) = postSolution
		SolutionGuid = {D37F1480-DAFB-4670-96AE-154C3B819742}
	EndGlobalSection
EndGlobal
