
Microsoft Visual Studio Solution File, Format Version 12.00
# Visual Studio Version 16
VisualStudioVersion = 16.0.30330.147
MinimumVisualStudioVersion = 10.0.40219.1
Project("{FAE04EC0-301F-11D3-BF4B-00C04F79EFBC}") = "YachtProgram", "YachtProgram\YachtProgram.csproj", "{17A070AB-4932-4063-B055-9DE5CDEA0A16}"
EndProject
Global
	GlobalSection(SolutionConfigurationPlatforms) = preSolution
		Debug|Any CPU = Debug|Any CPU
		Release|Any CPU = Release|Any CPU
	EndGlobalSection
	GlobalSection(ProjectConfigurationPlatforms) = postSolution
		{17A070AB-4932-4063-B055-9DE5CDEA0A16}.Debug|Any CPU.ActiveCfg = Debug|Any CPU
		{17A070AB-4932-4063-B055-9DE5CDEA0A16}.Debug|Any CPU.Build.0 = Debug|Any CPU
		{17A070AB-4932-4063-B055-9DE5CDEA0A16}.Release|Any CPU.ActiveCfg = Release|Any CPU
		{17A070AB-4932-4063-B055-9DE5CDEA0A16}.Release|Any CPU.Build.0 = Release|Any CPU
	EndGlobalSection
	GlobalSection(SolutionProperties) = preSolution
		HideSolutionNode = FALSE
	EndGlobalSection
	GlobalSection(ExtensibilityGlobals) = postSolution
		SolutionGuid = {9E51DE41-5881-4815-8D75-3DB7DBE8A62A}
	EndGlobalSection
EndGlobal
