
Microsoft Visual Studio Solution File, Format Version 12.00
# Visual Studio 15
VisualStudioVersion = 15.0.27428.2015
MinimumVisualStudioVersion = 10.0.40219.1
Project("{FAE04EC0-301F-11D3-BF4B-00C04F79EFBC}") = "Arrays", "Arrays\Arrays.csproj", "{7BBB879E-2CD1-4CC6-BF89-9B57C164C1A3}"
EndProject
Global
	GlobalSection(SolutionConfigurationPlatforms) = preSolution
		Debug|Any CPU = Debug|Any CPU
		Release|Any CPU = Release|Any CPU
	EndGlobalSection
	GlobalSection(ProjectConfigurationPlatforms) = postSolution
		{7BBB879E-2CD1-4CC6-BF89-9B57C164C1A3}.Debug|Any CPU.ActiveCfg = Debug|Any CPU
		{7BBB879E-2CD1-4CC6-BF89-9B57C164C1A3}.Debug|Any CPU.Build.0 = Debug|Any CPU
		{7BBB879E-2CD1-4CC6-BF89-9B57C164C1A3}.Release|Any CPU.ActiveCfg = Release|Any CPU
		{7BBB879E-2CD1-4CC6-BF89-9B57C164C1A3}.Release|Any CPU.Build.0 = Release|Any CPU
	EndGlobalSection
	GlobalSection(SolutionProperties) = preSolution
		HideSolutionNode = FALSE
	EndGlobalSection
	GlobalSection(ExtensibilityGlobals) = postSolution
		SolutionGuid = {132CB9A3-FFD6-4D17-8701-001B73F065C3}
	EndGlobalSection
EndGlobal
