
Microsoft Visual Studio Solution File, Format Version 12.00
# Visual Studio 15
VisualStudioVersion = 15.0.27428.2015
MinimumVisualStudioVersion = 10.0.40219.1
Project("{FAE04EC0-301F-11D3-BF4B-00C04F79EFBC}") = "Variables", "Variables\Variables.csproj", "{36411057-50E9-41EA-BF7F-954FF8A65935}"
EndProject
Global
	GlobalSection(SolutionConfigurationPlatforms) = preSolution
		Debug|Any CPU = Debug|Any CPU
		Release|Any CPU = Release|Any CPU
	EndGlobalSection
	GlobalSection(ProjectConfigurationPlatforms) = postSolution
		{36411057-50E9-41EA-BF7F-954FF8A65935}.Debug|Any CPU.ActiveCfg = Debug|Any CPU
		{36411057-50E9-41EA-BF7F-954FF8A65935}.Debug|Any CPU.Build.0 = Debug|Any CPU
		{36411057-50E9-41EA-BF7F-954FF8A65935}.Release|Any CPU.ActiveCfg = Release|Any CPU
		{36411057-50E9-41EA-BF7F-954FF8A65935}.Release|Any CPU.Build.0 = Release|Any CPU
	EndGlobalSection
	GlobalSection(SolutionProperties) = preSolution
		HideSolutionNode = FALSE
	EndGlobalSection
	GlobalSection(ExtensibilityGlobals) = postSolution
		SolutionGuid = {1002C849-7F82-4C70-A17E-C6898313D2A2}
	EndGlobalSection
EndGlobal
