
Microsoft Visual Studio Solution File, Format Version 12.00
# Visual Studio 15
VisualStudioVersion = 15.0.27428.2015
MinimumVisualStudioVersion = 10.0.40219.1
Project("{FAE04EC0-301F-11D3-BF4B-00C04F79EFBC}") = "WhileLoopsTask", "WhileLoopsTask\WhileLoopsTask.csproj", "{32BC1029-77BB-4E34-8857-2098EC03A5B4}"
EndProject
Global
	GlobalSection(SolutionConfigurationPlatforms) = preSolution
		Debug|Any CPU = Debug|Any CPU
		Release|Any CPU = Release|Any CPU
	EndGlobalSection
	GlobalSection(ProjectConfigurationPlatforms) = postSolution
		{32BC1029-77BB-4E34-8857-2098EC03A5B4}.Debug|Any CPU.ActiveCfg = Debug|Any CPU
		{32BC1029-77BB-4E34-8857-2098EC03A5B4}.Debug|Any CPU.Build.0 = Debug|Any CPU
		{32BC1029-77BB-4E34-8857-2098EC03A5B4}.Release|Any CPU.ActiveCfg = Release|Any CPU
		{32BC1029-77BB-4E34-8857-2098EC03A5B4}.Release|Any CPU.Build.0 = Release|Any CPU
	EndGlobalSection
	GlobalSection(SolutionProperties) = preSolution
		HideSolutionNode = FALSE
	EndGlobalSection
	GlobalSection(ExtensibilityGlobals) = postSolution
		SolutionGuid = {19547E19-4DD5-4D92-A7ED-0D99BF0A647E}
	EndGlobalSection
EndGlobal
